
Microsoft Visual Studio Solution File, Format Version 12.00
# Visual Studio Version 17
VisualStudioVersion = 17.4.33110.190
MinimumVisualStudioVersion = 10.0.40219.1
Project("{FAE04EC0-301F-11D3-BF4B-00C04F79EFBC}") = "CompanyApplication", "CompanyApplication\CompanyApplication.csproj", "{FAA9288D-66B8-4D18-ABC2-0C505F02ED8E}"
EndProject
Project("{FAE04EC0-301F-11D3-BF4B-00C04F79EFBC}") = "Domain", "Domain\Domain.csproj", "{4A1EAF09-0FDC-41EB-B1D9-D69E5CB3BA97}"
EndProject
Project("{FAE04EC0-301F-11D3-BF4B-00C04F79EFBC}") = "Repository", "Repository\Repository.csproj", "{5B078DB0-57C1-4196-9C71-D8B20074172E}"
EndProject
Project("{FAE04EC0-301F-11D3-BF4B-00C04F79EFBC}") = "Service", "Service\Service.csproj", "{C142816B-0105-4C03-B455-99EFD04949E0}"
EndProject
Global
	GlobalSection(SolutionConfigurationPlatforms) = preSolution
		Debug|Any CPU = Debug|Any CPU
		Release|Any CPU = Release|Any CPU
	EndGlobalSection
	GlobalSection(ProjectConfigurationPlatforms) = postSolution
		{FAA9288D-66B8-4D18-ABC2-0C505F02ED8E}.Debug|Any CPU.ActiveCfg = Debug|Any CPU
		{FAA9288D-66B8-4D18-ABC2-0C505F02ED8E}.Debug|Any CPU.Build.0 = Debug|Any CPU
		{FAA9288D-66B8-4D18-ABC2-0C505F02ED8E}.Release|Any CPU.ActiveCfg = Release|Any CPU
		{FAA9288D-66B8-4D18-ABC2-0C505F02ED8E}.Release|Any CPU.Build.0 = Release|Any CPU
		{4A1EAF09-0FDC-41EB-B1D9-D69E5CB3BA97}.Debug|Any CPU.ActiveCfg = Debug|Any CPU
		{4A1EAF09-0FDC-41EB-B1D9-D69E5CB3BA97}.Debug|Any CPU.Build.0 = Debug|Any CPU
		{4A1EAF09-0FDC-41EB-B1D9-D69E5CB3BA97}.Release|Any CPU.ActiveCfg = Release|Any CPU
		{4A1EAF09-0FDC-41EB-B1D9-D69E5CB3BA97}.Release|Any CPU.Build.0 = Release|Any CPU
		{5B078DB0-57C1-4196-9C71-D8B20074172E}.Debug|Any CPU.ActiveCfg = Debug|Any CPU
		{5B078DB0-57C1-4196-9C71-D8B20074172E}.Debug|Any CPU.Build.0 = Debug|Any CPU
		{5B078DB0-57C1-4196-9C71-D8B20074172E}.Release|Any CPU.ActiveCfg = Release|Any CPU
		{5B078DB0-57C1-4196-9C71-D8B20074172E}.Release|Any CPU.Build.0 = Release|Any CPU
		{C142816B-0105-4C03-B455-99EFD04949E0}.Debug|Any CPU.ActiveCfg = Debug|Any CPU
		{C142816B-0105-4C03-B455-99EFD04949E0}.Debug|Any CPU.Build.0 = Debug|Any CPU
		{C142816B-0105-4C03-B455-99EFD04949E0}.Release|Any CPU.ActiveCfg = Release|Any CPU
		{C142816B-0105-4C03-B455-99EFD04949E0}.Release|Any CPU.Build.0 = Release|Any CPU
	EndGlobalSection
	GlobalSection(SolutionProperties) = preSolution
		HideSolutionNode = FALSE
	EndGlobalSection
	GlobalSection(ExtensibilityGlobals) = postSolution
		SolutionGuid = {D4717B20-08C2-449A-8DFD-8A7A5390AD7A}
	EndGlobalSection
EndGlobal
